Microsoft Visual Studio Solution File, Format Version 12.00
# Visual Studio Version 17
VisualStudioVersion = 17.5.2.0
MinimumVisualStudioVersion = 10.0.40219.1
Project("{FAE04EC0-301F-11D3-BF4B-00C04F79EFBC}") = "Parallel-multithreaded-sort-algorithms", "Parallel-multithreaded-sort-algorithms.csproj", "{6A5FE9EF-62B9-9182-4CB8-D7AD59DCE7AD}"
EndProject
Global
	GlobalSection(SolutionConfigurationPlatforms) = preSolution
		Debug|Any CPU = Debug|Any CPU
		Release|Any CPU = Release|Any CPU
	EndGlobalSection
	GlobalSection(ProjectConfigurationPlatforms) = postSolution
		{6A5FE9EF-62B9-9182-4CB8-D7AD59DCE7AD}.Debug|Any CPU.ActiveCfg = Debug|Any CPU
		{6A5FE9EF-62B9-9182-4CB8-D7AD59DCE7AD}.Debug|Any CPU.Build.0 = Debug|Any CPU
		{6A5FE9EF-62B9-9182-4CB8-D7AD59DCE7AD}.Release|Any CPU.ActiveCfg = Release|Any CPU
		{6A5FE9EF-62B9-9182-4CB8-D7AD59DCE7AD}.Release|Any CPU.Build.0 = Release|Any CPU
	EndGlobalSection
	GlobalSection(SolutionProperties) = preSolution
		HideSolutionNode = FALSE
	EndGlobalSection
	GlobalSection(ExtensibilityGlobals) = postSolution
		SolutionGuid = {E8A628A9-D0B2-4A98-9062-B717B221871D}
	EndGlobalSection
EndGlobal
